
Microsoft Visual Studio Solution File, Format Version 12.00
# Visual Studio Version 17
VisualStudioVersion = 17.9.34622.214
MinimumVisualStudioVersion = 10.0.40219.1
Project("{FAE04EC0-301F-11D3-BF4B-00C04F79EFBC}") = "SendMailsAPI", "SendMailsAPI\SendMailsAPI.csproj", "{BD17103A-2573-4F11-8670-2468E460B765}"
EndProject
Global
	GlobalSection(SolutionConfigurationPlatforms) = preSolution
		Debug|Any CPU = Debug|Any CPU
		Release|Any CPU = Release|Any CPU
	EndGlobalSection
	GlobalSection(ProjectConfigurationPlatforms) = postSolution
		{BD17103A-2573-4F11-8670-2468E460B765}.Debug|Any CPU.ActiveCfg = Debug|Any CPU
		{BD17103A-2573-4F11-8670-2468E460B765}.Debug|Any CPU.Build.0 = Debug|Any CPU
		{BD17103A-2573-4F11-8670-2468E460B765}.Release|Any CPU.ActiveCfg = Release|Any CPU
		{BD17103A-2573-4F11-8670-2468E460B765}.Release|Any CPU.Build.0 = Release|Any CPU
	EndGlobalSection
	GlobalSection(SolutionProperties) = preSolution
		HideSolutionNode = FALSE
	EndGlobalSection
	GlobalSection(ExtensibilityGlobals) = postSolution
		SolutionGuid = {BD4AF5E6-20B6-4F1A-8021-7FF636F3FB18}
	EndGlobalSection
EndGlobal
